
Microsoft Visual Studio Solution File, Format Version 12.00
# Visual Studio 15
VisualStudioVersion = 15.0.27130.2036
MinimumVisualStudioVersion = 10.0.40219.1
Project("{FAE04EC0-301F-11D3-BF4B-00C04F79EFBC}") = "BreadthFirstSearch.Core", "BreadthFirstSearch.Core\BreadthFirstSearch.Core.csproj", "{05C93E51-8A64-4E8D-B239-6E8A1DB2CDB4}"
EndProject
Project("{FAE04EC0-301F-11D3-BF4B-00C04F79EFBC}") = "BreadthFirstSearch.Model", "BreadthFirstSearch.Model\BreadthFirstSearch.Model.csproj", "{5CE88C21-976D-43FA-9F51-5703942D2B52}"
EndProject
Project("{FAE04EC0-301F-11D3-BF4B-00C04F79EFBC}") = "BreadthFirstSearch.UI", "BreadthFirstSearch.UI\BreadthFirstSearch.UI.csproj", "{D8BB3A40-1CB8-4C7A-BE05-DF3024572DCF}"
EndProject
Project("{FAE04EC0-301F-11D3-BF4B-00C04F79EFBC}") = "ConsoleUI", "ConsoleUI\ConsoleUI.csproj", "{A42C5E0F-0B31-4AE9-A564-C8E808835058}"
EndProject
Global
	GlobalSection(SolutionConfigurationPlatforms) = preSolution
		Debug|Any CPU = Debug|Any CPU
		Release|Any CPU = Release|Any CPU
	EndGlobalSection
	GlobalSection(ProjectConfigurationPlatforms) = postSolution
		{05C93E51-8A64-4E8D-B239-6E8A1DB2CDB4}.Debug|Any CPU.ActiveCfg = Debug|Any CPU
		{05C93E51-8A64-4E8D-B239-6E8A1DB2CDB4}.Debug|Any CPU.Build.0 = Debug|Any CPU
		{05C93E51-8A64-4E8D-B239-6E8A1DB2CDB4}.Release|Any CPU.ActiveCfg = Release|Any CPU
		{05C93E51-8A64-4E8D-B239-6E8A1DB2CDB4}.Release|Any CPU.Build.0 = Release|Any CPU
		{5CE88C21-976D-43FA-9F51-5703942D2B52}.Debug|Any CPU.ActiveCfg = Debug|Any CPU
		{5CE88C21-976D-43FA-9F51-5703942D2B52}.Debug|Any CPU.Build.0 = Debug|Any CPU
		{5CE88C21-976D-43FA-9F51-5703942D2B52}.Release|Any CPU.ActiveCfg = Release|Any CPU
		{5CE88C21-976D-43FA-9F51-5703942D2B52}.Release|Any CPU.Build.0 = Release|Any CPU
		{D8BB3A40-1CB8-4C7A-BE05-DF3024572DCF}.Debug|Any CPU.ActiveCfg = Debug|Any CPU
		{D8BB3A40-1CB8-4C7A-BE05-DF3024572DCF}.Debug|Any CPU.Build.0 = Debug|Any CPU
		{D8BB3A40-1CB8-4C7A-BE05-DF3024572DCF}.Release|Any CPU.ActiveCfg = Release|Any CPU
		{D8BB3A40-1CB8-4C7A-BE05-DF3024572DCF}.Release|Any CPU.Build.0 = Release|Any CPU
		{A42C5E0F-0B31-4AE9-A564-C8E808835058}.Debug|Any CPU.ActiveCfg = Debug|Any CPU
		{A42C5E0F-0B31-4AE9-A564-C8E808835058}.Debug|Any CPU.Build.0 = Debug|Any CPU
		{A42C5E0F-0B31-4AE9-A564-C8E808835058}.Release|Any CPU.ActiveCfg = Release|Any CPU
		{A42C5E0F-0B31-4AE9-A564-C8E808835058}.Release|Any CPU.Build.0 = Release|Any CPU
	EndGlobalSection
	GlobalSection(SolutionProperties) = preSolution
		HideSolutionNode = FALSE
	EndGlobalSection
	GlobalSection(ExtensibilityGlobals) = postSolution
		SolutionGuid = {544DF0ED-FD50-40F6-B311-7DE1F85AA3BD}
	EndGlobalSection
EndGlobal
